{
    "_readme": [
        "This file locks the dependencies of your project to a known state",
        "Read more about it at https://getcomposer.org/doc/01-basic-usage.md#installing-dependencies",
        "This file is @generated automatically"
    ],
    "content-hash": "add2cc7868e932345e29896c6906caa2",
    "packages": [
        {
            "name": "laminas/laminas-eventmanager",
            "version": "3.2.1",
            "source": {
                "type": "git",
                "url": "https://github.com/laminas/laminas-eventmanager.git",
                "reference": "ce4dc0bdf3b14b7f9815775af9dfee80a63b4748"
            },
            "dist": {
                "type": "zip",
                "url": "https://api.github.com/repos/laminas/laminas-eventmanager/zipball/ce4dc0bdf3b14b7f9815775af9dfee80a63b4748",
                "reference": "ce4dc0bdf3b14b7f9815775af9dfee80a63b4748",
                "shasum": ""
            },
            "require": {
                "laminas/laminas-zendframework-bridge": "^1.0",
                "php": "^5.6 || ^7.0"
            },
            "replace": {
                "zendframework/zend-eventmanager": "self.version"
            },
            "require-dev": {
                "athletic/athletic": "^0.1",
                "container-interop/container-interop": "^1.1.0",
                "laminas/laminas-coding-standard": "~1.0.0",
                "laminas/laminas-stdlib": "^2.7.3 || ^3.0",
                "phpunit/phpunit": "^5.7.27 || ^6.5.8 || ^7.1.2"
            },
            "suggest": {
                "container-interop/container-interop": "^1.1.0, to use the lazy listeners feature",
                "laminas/laminas-stdlib": "^2.7.3 || ^3.0, to use the FilterChain feature"
            },
            "type": "library",
            "extra": {
                "branch-alias": {
                    "dev-master": "3.2-dev",
                    "dev-develop": "3.3-dev"
                }
            },
            "autoload": {
                "psr-4": {
                    "Laminas\\EventManager\\": "src/"
                }
            },
            "notification-url": "https://packagist.org/downloads/",
            "license": [
                "BSD-3-Clause"
            ],
            "description": "Trigger and listen to events within a PHP application",
            "homepage": "https://laminas.dev",
            "keywords": [
                "event",
                "eventmanager",
                "events",
                "laminas"
            ],
            "time": "2019-12-31T16:44:52+00:00"
        },
        {
            "name": "laminas/laminas-json",
            "version": "3.1.2",
            "source": {
                "type": "git",
                "url": "https://github.com/laminas/laminas-json.git",
                "reference": "00dc0da7b5e5018904c5c4a8e80a5faa16c2c1c6"
            },
            "dist": {
                "type": "zip",
                "url": "https://api.github.com/repos/laminas/laminas-json/zipball/00dc0da7b5e5018904c5c4a8e80a5faa16c2c1c6",
                "reference": "00dc0da7b5e5018904c5c4a8e80a5faa16c2c1c6",
                "shasum": ""
            },
            "require": {
                "laminas/laminas-zendframework-bridge": "^1.0",
                "php": "^5.6 || ^7.0"
            },
            "replace": {
                "zendframework/zend-json": "self.version"
            },
            "require-dev": {
                "laminas/laminas-coding-standard": "~1.0.0",
                "laminas/laminas-stdlib": "^2.7.7 || ^3.1",
                "phpunit/phpunit": "^5.7.23 || ^6.4.3"
            },
            "suggest": {
                "laminas/laminas-json-server": "For implementing JSON-RPC servers",
                "laminas/laminas-xml2json": "For converting XML documents to JSON"
            },
            "type": "library",
            "extra": {
                "branch-alias": {
                    "dev-master": "3.1.x-dev",
                    "dev-develop": "3.2.x-dev"
                }
            },
            "autoload": {
                "psr-4": {
                    "Laminas\\Json\\": "src/"
                }
            },
            "notification-url": "https://packagist.org/downloads/",
            "license": [
                "BSD-3-Clause"
            ],
            "description": "provides convenience methods for serializing native PHP to JSON and decoding JSON to native PHP",
            "homepage": "https://laminas.dev",
            "keywords": [
                "json",
                "laminas"
            ],
            "time": "2019-12-31T17:15:04+00:00"
        },
        {
            "name": "laminas/laminas-loader",
            "version": "2.6.1",
            "source": {
                "type": "git",
                "url": "https://github.com/laminas/laminas-loader.git",
                "reference": "5d01c2c237ae9e68bec262f339947e2ea18979bc"
            },
            "dist": {
                "type": "zip",
                "url": "https://api.github.com/repos/laminas/laminas-loader/zipball/5d01c2c237ae9e68bec262f339947e2ea18979bc",
                "reference": "5d01c2c237ae9e68bec262f339947e2ea18979bc",
                "shasum": ""
            },
            "require": {
                "laminas/laminas-zendframework-bridge": "^1.0",
                "php": "^5.6 || ^7.0"
            },
            "replace": {
                "zendframework/zend-loader": "self.version"
            },
            "require-dev": {
                "laminas/laminas-coding-standard": "~1.0.0",
                "phpunit/phpunit": "^5.7.27 || ^6.5.8 || ^7.1.4"
            },
            "type": "library",
            "extra": {
                "branch-alias": {
                    "dev-master": "2.6.x-dev",
                    "dev-develop": "2.7.x-dev"
                }
            },
            "autoload": {
                "psr-4": {
                    "Laminas\\Loader\\": "src/"
                }
            },
            "notification-url": "https://packagist.org/downloads/",
            "license": [
                "BSD-3-Clause"
            ],
            "description": "Autoloading and plugin loading strategies",
            "homepage": "https://laminas.dev",
            "keywords": [
                "laminas",
                "loader"
            ],
            "time": "2019-12-31T17:18:27+00:00"
        },
        {
            "name": "laminas/laminas-stdlib",
            "version": "3.2.1",
            "source": {
                "type": "git",
                "url": "https://github.com/laminas/laminas-stdlib.git",
                "reference": "2b18347625a2f06a1a485acfbc870f699dbe51c6"
            },
            "dist": {
                "type": "zip",
                "url": "https://api.github.com/repos/laminas/laminas-stdlib/zipball/2b18347625a2f06a1a485acfbc870f699dbe51c6",
                "reference": "2b18347625a2f06a1a485acfbc870f699dbe51c6",
                "shasum": ""
            },
            "require": {
                "laminas/laminas-zendframework-bridge": "^1.0",
                "php": "^5.6 || ^7.0"
            },
            "replace": {
                "zendframework/zend-stdlib": "self.version"
            },
            "require-dev": {
                "laminas/laminas-coding-standard": "~1.0.0",
                "phpbench/phpbench": "^0.13",
                "phpunit/phpunit": "^5.7.27 || ^6.5.8 || ^7.1.2"
            },
            "type": "library",
            "extra": {
                "branch-alias": {
                    "dev-master": "3.2.x-dev",
                    "dev-develop": "3.3.x-dev"
                }
            },
            "autoload": {
                "psr-4": {
                    "Laminas\\Stdlib\\": "src/"
                }
            },
            "notification-url": "https://packagist.org/downloads/",
            "license": [
                "BSD-3-Clause"
            ],
            "description": "SPL extensions, array utilities, error handlers, and more",
            "homepage": "https://laminas.dev",
            "keywords": [
                "laminas",
                "stdlib"
            ],
            "time": "2019-12-31T17:51:15+00:00"
        },
        {
            "name": "laminas/laminas-view",
            "version": "2.11.4",
            "source": {
                "type": "git",
                "url": "https://github.com/laminas/laminas-view.git",
                "reference": "3bbb2e94287383604c898284a18d2d06cf17301e"
            },
            "dist": {
                "type": "zip",
                "url": "https://api.github.com/repos/laminas/laminas-view/zipball/3bbb2e94287383604c898284a18d2d06cf17301e",
                "reference": "3bbb2e94287383604c898284a18d2d06cf17301e",
                "shasum": ""
            },
            "require": {
                "laminas/laminas-eventmanager": "^2.6.2 || ^3.0",
                "laminas/laminas-json": "^2.6.1 || ^3.0",
                "laminas/laminas-loader": "^2.5",
                "laminas/laminas-stdlib": "^2.7 || ^3.0",
                "laminas/laminas-zendframework-bridge": "^1.0",
                "php": "^5.6 || ^7.0"
            },
            "replace": {
                "zendframework/zend-view": "self.version"
            },
            "require-dev": {
                "laminas/laminas-authentication": "^2.5",
                "laminas/laminas-cache": "^2.6.1",
                "laminas/laminas-coding-standard": "~1.0.0",
                "laminas/laminas-config": "^2.6",
                "laminas/laminas-console": "^2.6",
                "laminas/laminas-escaper": "^2.5",
                "laminas/laminas-feed": "^2.7",
                "laminas/laminas-filter": "^2.6.1",
                "laminas/laminas-http": "^2.5.4",
                "laminas/laminas-i18n": "^2.6",
                "laminas/laminas-log": "^2.7",
                "laminas/laminas-modulemanager": "^2.7.1",
                "laminas/laminas-mvc": "^2.7.14 || ^3.0",
                "laminas/laminas-navigation": "^2.5",
                "laminas/laminas-paginator": "^2.5",
                "laminas/laminas-permissions-acl": "^2.6",
                "laminas/laminas-router": "^3.0.1",
                "laminas/laminas-serializer": "^2.6.1",
                "laminas/laminas-servicemanager": "^2.7.5 || ^3.0.3",
                "laminas/laminas-session": "^2.8.1",
                "laminas/laminas-uri": "^2.5",
                "phpunit/phpunit": "^5.7.15 || ^6.0.8"
            },
            "suggest": {
                "laminas/laminas-authentication": "Laminas\\Authentication component",
                "laminas/laminas-escaper": "Laminas\\Escaper component",
                "laminas/laminas-feed": "Laminas\\Feed component",
                "laminas/laminas-filter": "Laminas\\Filter component",
                "laminas/laminas-http": "Laminas\\Http component",
                "laminas/laminas-i18n": "Laminas\\I18n component",
                "laminas/laminas-mvc": "Laminas\\Mvc component",
                "laminas/laminas-mvc-plugin-flashmessenger": "laminas-mvc-plugin-flashmessenger component, if you want to use the FlashMessenger view helper with laminas-mvc versions 3 and up",
                "laminas/laminas-navigation": "Laminas\\Navigation component",
                "laminas/laminas-paginator": "Laminas\\Paginator component",
                "laminas/laminas-permissions-acl": "Laminas\\Permissions\\Acl component",
                "laminas/laminas-servicemanager": "Laminas\\ServiceManager component",
                "laminas/laminas-uri": "Laminas\\Uri component"
            },
            "bin": [
                "bin/templatemap_generator.php"
            ],
            "type": "library",
            "extra": {
                "branch-alias": {
                    "dev-master": "2.11.x-dev",
                    "dev-develop": "2.12.x-dev"
                }
            },
            "autoload": {
                "psr-4": {
                    "Laminas\\View\\": "src/"
                }
            },
            "notification-url": "https://packagist.org/downloads/",
            "license": [
                "BSD-3-Clause"
            ],
            "description": "Flexible view layer supporting and providing multiple view layers, helpers, and more",
            "homepage": "https://laminas.dev",
            "keywords": [
                "laminas",
                "view"
            ],
            "time": "2019-12-31T18:03:30+00:00"
        },
        {
            "name": "laminas/laminas-zendframework-bridge",
            "version": "1.0.3",
            "source": {
                "type": "git",
                "url": "https://github.com/laminas/laminas-zendframework-bridge.git",
                "reference": "bfbbdb6c998d50dbf69d2187cb78a5f1fa36e1e9"
            },
            "dist": {
                "type": "zip",
                "url": "https://api.github.com/repos/laminas/laminas-zendframework-bridge/zipball/bfbbdb6c998d50dbf69d2187cb78a5f1fa36e1e9",
                "reference": "bfbbdb6c998d50dbf69d2187cb78a5f1fa36e1e9",
                "shasum": ""
            },
            "require": {
                "php": "^5.6 || ^7.0"
            },
            "require-dev": {
                "phpunit/phpunit": "^5.7 || ^6.5 || ^7.5 || ^8.1",
                "squizlabs/php_codesniffer": "^3.5"
            },
            "type": "library",
            "extra": {
                "branch-alias": {
                    "dev-master": "1.0.x-dev",
                    "dev-develop": "1.1.x-dev"
                },
                "laminas": {
                    "module": "Laminas\\ZendFrameworkBridge"
                }
            },
            "autoload": {
                "files": [
                    "src/autoload.php"
                ],
                "psr-4": {
                    "Laminas\\ZendFrameworkBridge\\": "src//"
                }
            },
            "notification-url": "https://packagist.org/downloads/",
            "license": [
                "BSD-3-Clause"
            ],
            "description": "Alias legacy ZF class names to Laminas Project equivalents.",
            "keywords": [
                "ZendFramework",
                "autoloading",
                "laminas",
                "zf"
            ],
            "time": "2020-04-03T16:01:00+00:00"
        }
    ],
    "packages-dev": [],
    "aliases": [],
    "minimum-stability": "stable",
    "stability-flags": [],
    "prefer-stable": false,
    "prefer-lowest": false,
    "platform": {
        "php": ">=7.4"
    },
    "platform-dev": []
}
